{
  "name": "typescript",
  "version": "1.0.0",
  "lockfileVersion": 1,
  "requires": true,
  "dependencies": {
    "@tsconfig/node14": {
      "version": "1.0.0",
      "resolved": "https://registry.npmjs.org/@tsconfig/node14/-/node14-1.0.0.tgz",
      "integrity": "sha512-RKkL8eTdPv6t5EHgFKIVQgsDapugbuOptNd9OOunN/HAkzmmTnZELx1kNCK0rSdUYGmiFMM3rRQMAWiyp023LQ==",
      "dev": true
    },
    "crypto-extra": {
      "version": "1.0.1",
      "resolved": "https://registry.npmjs.org/crypto-extra/-/crypto-extra-1.0.1.tgz",
      "integrity": "sha512-EDJ07p6UDdyX+7GL6Bb6FqCuCHY34GuII9esE/xXZtW7tlB+A7MYT9O/c1M/ov2aGTdwvw0b3z5OcO50zYBG5Q=="
    },
    "namor": {
      "version": "2.0.3",
      "requires": {
        "crypto-extra": "1.0.1"
      }
    }
  }
}
