# THIS IS AN AUTOGENERATED FILE. DO NOT EDIT THIS FILE DIRECTLY.
# yarn lockfile v1


crypto-extra@1.0.1:
  version "1.0.1"
  resolved "https://registry.yarnpkg.com/crypto-extra/-/crypto-extra-1.0.1.tgz#91d9e3d8d35f9a16d548c073c31b147f34eab11e"
  integrity sha512-EDJ07p6UDdyX+7GL6Bb6FqCuCHY34GuII9esE/xXZtW7tlB+A7MYT9O/c1M/ov2aGTdwvw0b3z5OcO50zYBG5Q==

namor@^2.0.3:
  version "2.0.3"
  resolved "https://registry.yarnpkg.com/namor/-/namor-2.0.3.tgz#a42c5e76f6170f9e2fc4ddfc6d403a881f59350d"
  integrity sha512-BDDfplXUwxcEK1QAwL0k82VyqYyAa3xdQv24ijfLc+5Zqdm3IyfAIBTCRWhKPbbLncmdvG/vCr9JhrVH9FGpNQ==
  dependencies:
    crypto-extra "1.0.1"
